
Microsoft Visual Studio Solution File, Format Version 12.00
# Visual Studio Version 17
VisualStudioVersion = 17.0.31903.59
MinimumVisualStudioVersion = 10.0.40219.1
Project("{FAE04EC0-301F-11D3-BF4B-00C04F79EFBC}") = "RomanNumerals.Tests", "RomanNumerals.Tests\RomanNumerals.Tests.csproj", "{F6974202-1896-4201-80FB-EA6068A85378}"
EndProject
Project("{FAE04EC0-301F-11D3-BF4B-00C04F79EFBC}") = "RomanNumerals", "RomanNumerals\RomanNumerals.csproj", "{051C88E5-FA36-420F-8FDD-2B36217F2FF6}"
EndProject
Global
	GlobalSection(SolutionConfigurationPlatforms) = preSolution
		Debug|Any CPU = Debug|Any CPU
		Release|Any CPU = Release|Any CPU
	EndGlobalSection
	GlobalSection(SolutionProperties) = preSolution
		HideSolutionNode = FALSE
	EndGlobalSection
	GlobalSection(ProjectConfigurationPlatforms) = postSolution
		{F6974202-1896-4201-80FB-EA6068A85378}.Debug|Any CPU.ActiveCfg = Debug|Any CPU
		{F6974202-1896-4201-80FB-EA6068A85378}.Debug|Any CPU.Build.0 = Debug|Any CPU
		{F6974202-1896-4201-80FB-EA6068A85378}.Release|Any CPU.ActiveCfg = Release|Any CPU
		{F6974202-1896-4201-80FB-EA6068A85378}.Release|Any CPU.Build.0 = Release|Any CPU
		{051C88E5-FA36-420F-8FDD-2B36217F2FF6}.Debug|Any CPU.ActiveCfg = Debug|Any CPU
		{051C88E5-FA36-420F-8FDD-2B36217F2FF6}.Debug|Any CPU.Build.0 = Debug|Any CPU
		{051C88E5-FA36-420F-8FDD-2B36217F2FF6}.Release|Any CPU.ActiveCfg = Release|Any CPU
		{051C88E5-FA36-420F-8FDD-2B36217F2FF6}.Release|Any CPU.Build.0 = Release|Any CPU
	EndGlobalSection
EndGlobal
